// !$*UTF8*$!
{
	archiveVersion = 1;
	classes = {
	};
	objectVersion = 55;
	objects = {

/* Begin PBXBuildFile section */
		7CD0048C27932A0E00F2CDD0 /* SkipperApp.swift in Sources */ = {isa = PBXBuildFile; fileRef = 7CD0048B27932A0E00F2CDD0 /* SkipperApp.swift */; };
		7CD0048E27932A0E00F2CDD0 /* ContentView.swift in Sources */ = {isa = PBXBuildFile; fileRef = 7CD0048D27932A0E00F2CDD0 /* ContentView.swift */; };
		7CD0049027932A1000F2CDD0 /* Assets.xcassets in Resources */ = {isa = PBXBuildFile; fileRef = 7CD0048F27932A1000F2CDD0 /* Assets.xcassets */; };
		7CD0049327932A1000F2CDD0 /* Preview Assets.xcassets in Resources */ = {isa = PBXBuildFile; fileRef = 7CD0049227932A1000F2CDD0 /* Preview Assets.xcassets */; };
		7CD0049B27932AEF00F2CDD0 /* TrackMap.swift in Sources */ = {isa = PBXBuildFile; fileRef = 7CD0049A27932AEF00F2CDD0 /* TrackMap.swift */; };
		7CD0049D27932C4C00F2CDD0 /* Card.swift in Sources */ = {isa = PBXBuildFile; fileRef = 7CD0049C27932C4C00F2CDD0 /* Card.swift */; };
		7CD004A127932D2900F2CDD0 /* MapKit.framework in Frameworks */ = {isa = PBXBuildFile; fileRef = 7CD004A027932D2900F2CDD0 /* MapKit.framework */; };
		7CD004A3279336DF00F2CDD0 /* GyroscopeInfo.swift in Sources */ = {isa = PBXBuildFile; fileRef = 7CD004A2279336DF00F2CDD0 /* GyroscopeInfo.swift */; };
		7CD004A92793377300F2CDD0 /* GyroscopeState.swift in Sources */ = {isa = PBXBuildFile; fileRef = 7CD004A82793377300F2CDD0 /* GyroscopeState.swift */; };
		7CD004AB279337B600F2CDD0 /* Tracking.swift in Sources */ = {isa = PBXBuildFile; fileRef = 7CD004AA279337B600F2CDD0 /* Tracking.swift */; };
		7CD004AD2793381300F2CDD0 /* GyroscopeViewModel.swift in Sources */ = {isa = PBXBuildFile; fileRef = 7CD004AC2793381300F2CDD0 /* GyroscopeViewModel.swift */; };
		7CD004AF27933E6A00F2CDD0 /* AppState.swift in Sources */ = {isa = PBXBuildFile; fileRef = 7CD004AE27933E6A00F2CDD0 /* AppState.swift */; };
		7CD004B12793444500F2CDD0 /* EnvironmentKeys.swift in Sources */ = {isa = PBXBuildFile; fileRef = 7CD004B02793444500F2CDD0 /* EnvironmentKeys.swift */; };
/* End PBXBuildFile section */

/* Begin PBXFileReference section */
		7CD0048827932A0E00F2CDD0 /* Skipper.app */ = {isa = PBXFileReference; explicitFileType = wrapper.application; includeInIndex = 0; path = Skipper.app; sourceTree = BUILT_PRODUCTS_DIR; };
		7CD0048B27932A0E00F2CDD0 /* SkipperApp.swift */ = {isa = PBXFileReference; lastKnownFileType = sourcecode.swift; path = SkipperApp.swift; sourceTree = "<group>"; };
		7CD0048D27932A0E00F2CDD0 /* ContentView.swift */ = {isa = PBXFileReference; lastKnownFileType = sourcecode.swift; path = ContentView.swift; sourceTree = "<group>"; };
		7CD0048F27932A1000F2CDD0 /* Assets.xcassets */ = {isa = PBXFileReference; lastKnownFileType = folder.assetcatalog; path = Assets.xcassets; sourceTree = "<group>"; };
		7CD0049227932A1000F2CDD0 /* Preview Assets.xcassets */ = {isa = PBXFileReference; lastKnownFileType = folder.assetcatalog; path = "Preview Assets.xcassets"; sourceTree = "<group>"; };
		7CD0049A27932AEF00F2CDD0 /* TrackMap.swift */ = {isa = PBXFileReference; lastKnownFileType = sourcecode.swift; path = TrackMap.swift; sourceTree = "<group>"; };
		7CD0049C27932C4C00F2CDD0 /* Card.swift */ = {isa = PBXFileReference; lastKnownFileType = sourcecode.swift; path = Card.swift; sourceTree = "<group>"; };
		7CD0049E27932D2900F2CDD0 /* Info.plist */ = {isa = PBXFileReference; lastKnownFileType = text.plist; path = Info.plist; sourceTree = "<group>"; };
		7CD004A027932D2900F2CDD0 /* MapKit.framework */ = {isa = PBXFileReference; lastKnownFileType = wrapper.framework; name = MapKit.framework; path = System/Library/Frameworks/MapKit.framework; sourceTree = SDKROOT; };
		7CD004A2279336DF00F2CDD0 /* GyroscopeInfo.swift */ = {isa = PBXFileReference; lastKnownFileType = sourcecode.swift; path = GyroscopeInfo.swift; sourceTree = "<group>"; };
		7CD004A82793377300F2CDD0 /* GyroscopeState.swift */ = {isa = PBXFileReference; lastKnownFileType = sourcecode.swift; path = GyroscopeState.swift; sourceTree = "<group>"; };
		7CD004AA279337B600F2CDD0 /* Tracking.swift */ = {isa = PBXFileReference; lastKnownFileType = sourcecode.swift; path = Tracking.swift; sourceTree = "<group>"; };
		7CD004AC2793381300F2CDD0 /* GyroscopeViewModel.swift */ = {isa = PBXFileReference; lastKnownFileType = sourcecode.swift; path = GyroscopeViewModel.swift; sourceTree = "<group>"; };
		7CD004AE27933E6A00F2CDD0 /* AppState.swift */ = {isa = PBXFileReference; lastKnownFileType = sourcecode.swift; path = AppState.swift; sourceTree = "<group>"; };
		7CD004B02793444500F2CDD0 /* EnvironmentKeys.swift */ = {isa = PBXFileReference; lastKnownFileType = sourcecode.swift; path = EnvironmentKeys.swift; sourceTree = "<group>"; };
/* End PBXFileReference section */

/* Begin PBXFrameworksBuildPhase section */
		7CD0048527932A0D00F2CDD0 /* Frameworks */ = {
			isa = PBXFrameworksBuildPhase;
			buildActionMask = 2147483647;
			files = (
				7CD004A127932D2900F2CDD0 /* MapKit.framework in Frameworks */,
			);
			runOnlyForDeploymentPostprocessing = 0;
		};
/* End PBXFrameworksBuildPhase section */

/* Begin PBXGroup section */
		7CD0047F27932A0D00F2CDD0 = {
			isa = PBXGroup;
			children = (
				7CD0048A27932A0E00F2CDD0 /* Skipper */,
				7CD0048927932A0E00F2CDD0 /* Products */,
				7CD0049F27932D2900F2CDD0 /* Frameworks */,
			);
			sourceTree = "<group>";
		};
		7CD0048927932A0E00F2CDD0 /* Products */ = {
			isa = PBXGroup;
			children = (
				7CD0048827932A0E00F2CDD0 /* Skipper.app */,
			);
			name = Products;
			sourceTree = "<group>";
		};
		7CD0048A27932A0E00F2CDD0 /* Skipper */ = {
			isa = PBXGroup;
			children = (
				7CD004A72793376000F2CDD0 /* Models */,
				7CD004A42793371D00F2CDD0 /* ViewModels */,
				7CD0049E27932D2900F2CDD0 /* Info.plist */,
				7CD0049927932ADC00F2CDD0 /* Views */,
				7CD0048B27932A0E00F2CDD0 /* SkipperApp.swift */,
				7CD0048D27932A0E00F2CDD0 /* ContentView.swift */,
				7CD004B02793444500F2CDD0 /* EnvironmentKeys.swift */,
				7CD0048F27932A1000F2CDD0 /* Assets.xcassets */,
				7CD0049127932A1000F2CDD0 /* Preview Content */,
			);
			path = Skipper;
			sourceTree = "<group>";
		};
		7CD0049127932A1000F2CDD0 /* Preview Content */ = {
			isa = PBXGroup;
			children = (
				7CD0049227932A1000F2CDD0 /* Preview Assets.xcassets */,
			);
			path = "Preview Content";
			sourceTree = "<group>";
		};
		7CD0049927932ADC00F2CDD0 /* Views */ = {
			isa = PBXGroup;
			children = (
				7CD0049A27932AEF00F2CDD0 /* TrackMap.swift */,
				7CD0049C27932C4C00F2CDD0 /* Card.swift */,
				7CD004A2279336DF00F2CDD0 /* GyroscopeInfo.swift */,
			);
			path = Views;
			sourceTree = "<group>";
		};
		7CD0049F27932D2900F2CDD0 /* Frameworks */ = {
			isa = PBXGroup;
			children = (
				7CD004A027932D2900F2CDD0 /* MapKit.framework */,
			);
			name = Frameworks;
			sourceTree = "<group>";
		};
		7CD004A42793371D00F2CDD0 /* ViewModels */ = {
			isa = PBXGroup;
			children = (
				7CD004AC2793381300F2CDD0 /* GyroscopeViewModel.swift */,
			);
			path = ViewModels;
			sourceTree = "<group>";
		};
		7CD004A72793376000F2CDD0 /* Models */ = {
			isa = PBXGroup;
			children = (
				7CD004A82793377300F2CDD0 /* GyroscopeState.swift */,
				7CD004AA279337B600F2CDD0 /* Tracking.swift */,
				7CD004AE27933E6A00F2CDD0 /* AppState.swift */,
			);
			path = Models;
			sourceTree = "<group>";
		};
/* End PBXGroup section */

/* Begin PBXNativeTarget section */
		7CD0048727932A0D00F2CDD0 /* Skipper */ = {
			isa = PBXNativeTarget;
			buildConfigurationList = 7CD0049627932A1000F2CDD0 /* Build configuration list for PBXNativeTarget "Skipper" */;
			buildPhases = (
				7CD0048427932A0D00F2CDD0 /* Sources */,
				7CD0048527932A0D00F2CDD0 /* Frameworks */,
				7CD0048627932A0D00F2CDD0 /* Resources */,
			);
			buildRules = (
			);
			dependencies = (
			);
			name = Skipper;
			productName = Skipper;
			productReference = 7CD0048827932A0E00F2CDD0 /* Skipper.app */;
			productType = "com.apple.product-type.application";
		};
/* End PBXNativeTarget section */

/* Begin PBXProject section */
		7CD0048027932A0D00F2CDD0 /* Project object */ = {
			isa = PBXProject;
			attributes = {
				BuildIndependentTargetsInParallel = 1;
				LastSwiftUpdateCheck = 1300;
				LastUpgradeCheck = 1300;
				TargetAttributes = {
					7CD0048727932A0D00F2CDD0 = {
						CreatedOnToolsVersion = 13.0;
					};
				};
			};
			buildConfigurationList = 7CD0048327932A0D00F2CDD0 /* Build configuration list for PBXProject "Skipper" */;
			compatibilityVersion = "Xcode 13.0";
			developmentRegion = en;
			hasScannedForEncodings = 0;
			knownRegions = (
				en,
				Base,
			);
			mainGroup = 7CD0047F27932A0D00F2CDD0;
			productRefGroup = 7CD0048927932A0E00F2CDD0 /* Products */;
			projectDirPath = "";
			projectRoot = "";
			targets = (
				7CD0048727932A0D00F2CDD0 /* Skipper */,
			);
		};
/* End PBXProject section */

/* Begin PBXResourcesBuildPhase section */
		7CD0048627932A0D00F2CDD0 /* Resources */ = {
			isa = PBXResourcesBuildPhase;
			buildActionMask = 2147483647;
			files = (
				7CD0049327932A1000F2CDD0 /* Preview Assets.xcassets in Resources */,
				7CD0049027932A1000F2CDD0 /* Assets.xcassets in Resources */,
			);
			runOnlyForDeploymentPostprocessing = 0;
		};
/* End PBXResourcesBuildPhase section */

/* Begin PBXSourcesBuildPhase section */
		7CD0048427932A0D00F2CDD0 /* Sources */ = {
			isa = PBXSourcesBuildPhase;
			buildActionMask = 2147483647;
			files = (
				7CD004AB279337B600F2CDD0 /* Tracking.swift in Sources */,
				7CD0048E27932A0E00F2CDD0 /* ContentView.swift in Sources */,
				7CD004AD2793381300F2CDD0 /* GyroscopeViewModel.swift in Sources */,
				7CD004AF27933E6A00F2CDD0 /* AppState.swift in Sources */,
				7CD0048C27932A0E00F2CDD0 /* SkipperApp.swift in Sources */,
				7CD004B12793444500F2CDD0 /* EnvironmentKeys.swift in Sources */,
				7CD0049B27932AEF00F2CDD0 /* TrackMap.swift in Sources */,
				7CD004A92793377300F2CDD0 /* GyroscopeState.swift in Sources */,
				7CD0049D27932C4C00F2CDD0 /* Card.swift in Sources */,
				7CD004A3279336DF00F2CDD0 /* GyroscopeInfo.swift in Sources */,
			);
			runOnlyForDeploymentPostprocessing = 0;
		};
/* End PBXSourcesBuildPhase section */

/* Begin XCBuildConfiguration section */
		7CD0049427932A1000F2CDD0 /* Debug */ = {
			isa = XCBuildConfiguration;
			buildSettings = {
				ALWAYS_SEARCH_USER_PATHS = NO;
				CLANG_ANALYZER_NONNULL = YES;
				CLANG_ANALYZER_NUMBER_OBJECT_CONVERSION = YES_AGGRESSIVE;
				CLANG_CXX_LANGUAGE_STANDARD = "gnu++17";
				CLANG_CXX_LIBRARY = "libc++";
				CLANG_ENABLE_MODULES = YES;
				CLANG_ENABLE_OBJC_ARC = YES;
				CLANG_ENABLE_OBJC_WEAK = YES;
				CLANG_WARN_BLOCK_CAPTURE_AUTORELEASING = YES;
				CLANG_WARN_BOOL_CONVERSION = YES;
				CLANG_WARN_COMMA = YES;
				CLANG_WARN_CONSTANT_CONVERSION = YES;
				CLANG_WARN_DEPRECATED_OBJC_IMPLEMENTATIONS = YES;
				CLANG_WARN_DIRECT_OBJC_ISA_USAGE = YES_ERROR;
				CLANG_WARN_DOCUMENTATION_COMMENTS = YES;
				CLANG_WARN_EMPTY_BODY = YES;
				CLANG_WARN_ENUM_CONVERSION = YES;
				CLANG_WARN_INFINITE_RECURSION = YES;
				CLANG_WARN_INT_CONVERSION = YES;
				CLANG_WARN_NON_LITERAL_NULL_CONVERSION = YES;
				CLANG_WARN_OBJC_IMPLICIT_RETAIN_SELF = YES;
				CLANG_WARN_OBJC_LITERAL_CONVERSION = YES;
				CLANG_WARN_OBJC_ROOT_CLASS = YES_ERROR;
				CLANG_WARN_QUOTED_INCLUDE_IN_FRAMEWORK_HEADER = YES;
				CLANG_WARN_RANGE_LOOP_ANALYSIS = YES;
				CLANG_WARN_STRICT_PROTOTYPES = YES;
				CLANG_WARN_SUSPICIOUS_MOVE = YES;
				CLANG_WARN_UNGUARDED_AVAILABILITY = YES_AGGRESSIVE;
				CLANG_WARN_UNREACHABLE_CODE = YES;
				CLANG_WARN__DUPLICATE_METHOD_MATCH = YES;
				COPY_PHASE_STRIP = NO;
				DEBUG_INFORMATION_FORMAT = dwarf;
				ENABLE_STRICT_OBJC_MSGSEND = YES;
				ENABLE_TESTABILITY = YES;
				GCC_C_LANGUAGE_STANDARD = gnu11;
				GCC_DYNAMIC_NO_PIC = NO;
				GCC_NO_COMMON_BLOCKS = YES;
				GCC_OPTIMIZATION_LEVEL = 0;
				GCC_PREPROCESSOR_DEFINITIONS = (
					"DEBUG=1",
					"$(inherited)",
				);
				GCC_WARN_64_TO_32_BIT_CONVERSION = YES;
				GCC_WARN_ABOUT_RETURN_TYPE = YES_ERROR;
				GCC_WARN_UNDECLARED_SELECTOR = YES;
				GCC_WARN_UNINITIALIZED_AUTOS = YES_AGGRESSIVE;
				GCC_WARN_UNUSED_FUNCTION = YES;
				GCC_WARN_UNUSED_VARIABLE = YES;
				IPHONEOS_DEPLOYMENT_TARGET = 15.0;
				MTL_ENABLE_DEBUG_INFO = INCLUDE_SOURCE;
				MTL_FAST_MATH = YES;
				ONLY_ACTIVE_ARCH = YES;
				SDKROOT = iphoneos;
				SWIFT_ACTIVE_COMPILATION_CONDITIONS = DEBUG;
				SWIFT_OPTIMIZATION_LEVEL = "-Onone";
			};
			name = Debug;
		};
		7CD0049527932A1000F2CDD0 /* Release */ = {
			isa = XCBuildConfiguration;
			buildSettings = {
				ALWAYS_SEARCH_USER_PATHS = NO;
				CLANG_ANALYZER_NONNULL = YES;
				CLANG_ANALYZER_NUMBER_OBJECT_CONVERSION = YES_AGGRESSIVE;
				CLANG_CXX_LANGUAGE_STANDARD = "gnu++17";
				CLANG_CXX_LIBRARY = "libc++";
				CLANG_ENABLE_MODULES = YES;
				CLANG_ENABLE_OBJC_ARC = YES;
				CLANG_ENABLE_OBJC_WEAK = YES;
				CLANG_WARN_BLOCK_CAPTURE_AUTORELEASING = YES;
				CLANG_WARN_BOOL_CONVERSION = YES;
				CLANG_WARN_COMMA = YES;
				CLANG_WARN_CONSTANT_CONVERSION = YES;
				CLANG_WARN_DEPRECATED_OBJC_IMPLEMENTATIONS = YES;
				CLANG_WARN_DIRECT_OBJC_ISA_USAGE = YES_ERROR;
				CLANG_WARN_DOCUMENTATION_COMMENTS = YES;
				CLANG_WARN_EMPTY_BODY = YES;
				CLANG_WARN_ENUM_CONVERSION = YES;
				CLANG_WARN_INFINITE_RECURSION = YES;
				CLANG_WARN_INT_CONVERSION = YES;
				CLANG_WARN_NON_LITERAL_NULL_CONVERSION = YES;
				CLANG_WARN_OBJC_IMPLICIT_RETAIN_SELF = YES;
				CLANG_WARN_OBJC_LITERAL_CONVERSION = YES;
				CLANG_WARN_OBJC_ROOT_CLASS = YES_ERROR;
				CLANG_WARN_QUOTED_INCLUDE_IN_FRAMEWORK_HEADER = YES;
				CLANG_WARN_RANGE_LOOP_ANALYSIS = YES;
				CLANG_WARN_STRICT_PROTOTYPES = YES;
				CLANG_WARN_SUSPICIOUS_MOVE = YES;
				CLANG_WARN_UNGUARDED_AVAILABILITY = YES_AGGRESSIVE;
				CLANG_WARN_UNREACHABLE_CODE = YES;
				CLANG_WARN__DUPLICATE_METHOD_MATCH = YES;
				COPY_PHASE_STRIP = NO;
				DEBUG_INFORMATION_FORMAT = "dwarf-with-dsym";
				ENABLE_NS_ASSERTIONS = NO;
				ENABLE_STRICT_OBJC_MSGSEND = YES;
				GCC_C_LANGUAGE_STANDARD = gnu11;
				GCC_NO_COMMON_BLOCKS = YES;
				GCC_WARN_64_TO_32_BIT_CONVERSION = YES;
				GCC_WARN_ABOUT_RETURN_TYPE = YES_ERROR;
				GCC_WARN_UNDECLARED_SELECTOR = YES;
				GCC_WARN_UNINITIALIZED_AUTOS = YES_AGGRESSIVE;
				GCC_WARN_UNUSED_FUNCTION = YES;
				GCC_WARN_UNUSED_VARIABLE = YES;
				IPHONEOS_DEPLOYMENT_TARGET = 15.0;
				MTL_ENABLE_DEBUG_INFO = NO;
				MTL_FAST_MATH = YES;
				SDKROOT = iphoneos;
				SWIFT_COMPILATION_MODE = wholemodule;
				SWIFT_OPTIMIZATION_LEVEL = "-O";
				VALIDATE_PRODUCT = YES;
			};
			name = Release;
		};
		7CD0049727932A1000F2CDD0 /* Debug */ = {
			isa = XCBuildConfiguration;
			buildSettings = {
				ASSETCATALOG_COMPILER_APPICON_NAME = AppIcon;
				ASSETCATALOG_COMPILER_GLOBAL_ACCENT_COLOR_NAME = AccentColor;
				CODE_SIGN_STYLE = Automatic;
				CURRENT_PROJECT_VERSION = 1;
				DEVELOPMENT_ASSET_PATHS = "\"Skipper/Preview Content\"";
				DEVELOPMENT_TEAM = XY6QAMY6XH;
				ENABLE_PREVIEWS = YES;
				GENERATE_INFOPLIST_FILE = YES;
				INFOPLIST_FILE = Skipper/Info.plist;
				INFOPLIST_KEY_UIApplicationSceneManifest_Generation = YES;
				INFOPLIST_KEY_UIApplicationSupportsIndirectInputEvents = YES;
				INFOPLIST_KEY_UILaunchScreen_Generation = YES;
				INFOPLIST_KEY_UIRequiredDeviceCapabilities = gyroscope;
				INFOPLIST_KEY_UISupportedInterfaceOrientations_iPad = "UIInterfaceOrientationPortrait UIInterfaceOrientationPortraitUpsideDown UIInterfaceOrientationLandscapeLeft UIInterfaceOrientationLandscapeRight";
				INFOPLIST_KEY_UISupportedInterfaceOrientations_iPhone = "UIInterfaceOrientationPortrait UIInterfaceOrientationLandscapeLeft UIInterfaceOrientationLandscapeRight";
				IPHONEOS_DEPLOYMENT_TARGET = 14.0;
				LD_RUNPATH_SEARCH_PATHS = (
					"$(inherited)",
					"@executable_path/Frameworks",
				);
				MARKETING_VERSION = 1.0;
				PRODUCT_BUNDLE_IDENTIFIER = com.akadko.Skipper;
				PRODUCT_NAME = "$(TARGET_NAME)";
				SWIFT_EMIT_LOC_STRINGS = YES;
				SWIFT_VERSION = 5.0;
				TARGETED_DEVICE_FAMILY = "1,2";
			};
			name = Debug;
		};
		7CD0049827932A1000F2CDD0 /* Release */ = {
			isa = XCBuildConfiguration;
			buildSettings = {
				ASSETCATALOG_COMPILER_APPICON_NAME = AppIcon;
				ASSETCATALOG_COMPILER_GLOBAL_ACCENT_COLOR_NAME = AccentColor;
				CODE_SIGN_STYLE = Automatic;
				CURRENT_PROJECT_VERSION = 1;
				DEVELOPMENT_ASSET_PATHS = "\"Skipper/Preview Content\"";
				DEVELOPMENT_TEAM = XY6QAMY6XH;
				ENABLE_PREVIEWS = YES;
				GENERATE_INFOPLIST_FILE = YES;
				INFOPLIST_FILE = Skipper/Info.plist;
				INFOPLIST_KEY_UIApplicationSceneManifest_Generation = YES;
				INFOPLIST_KEY_UIApplicationSupportsIndirectInputEvents = YES;
				INFOPLIST_KEY_UILaunchScreen_Generation = YES;
				INFOPLIST_KEY_UIRequiredDeviceCapabilities = gyroscope;
				INFOPLIST_KEY_UISupportedInterfaceOrientations_iPad = "UIInterfaceOrientationPortrait UIInterfaceOrientationPortraitUpsideDown UIInterfaceOrientationLandscapeLeft UIInterfaceOrientationLandscapeRight";
				INFOPLIST_KEY_UISupportedInterfaceOrientations_iPhone = "UIInterfaceOrientationPortrait UIInterfaceOrientationLandscapeLeft UIInterfaceOrientationLandscapeRight";
				IPHONEOS_DEPLOYMENT_TARGET = 14.0;
				LD_RUNPATH_SEARCH_PATHS = (
					"$(inherited)",
					"@executable_path/Frameworks",
				);
				MARKETING_VERSION = 1.0;
				PRODUCT_BUNDLE_IDENTIFIER = com.akadko.Skipper;
				PRODUCT_NAME = "$(TARGET_NAME)";
				SWIFT_EMIT_LOC_STRINGS = YES;
				SWIFT_VERSION = 5.0;
				TARGETED_DEVICE_FAMILY = "1,2";
			};
			name = Release;
		};
/* End XCBuildConfiguration section */

/* Begin XCConfigurationList section */
		7CD0048327932A0D00F2CDD0 /* Build configuration list for PBXProject "Skipper" */ = {
			isa = XCConfigurationList;
			buildConfigurations = (
				7CD0049427932A1000F2CDD0 /* Debug */,
				7CD0049527932A1000F2CDD0 /* Release */,
			);
			defaultConfigurationIsVisible = 0;
			defaultConfigurationName = Release;
		};
		7CD0049627932A1000F2CDD0 /* Build configuration list for PBXNativeTarget "Skipper" */ = {
			isa = XCConfigurationList;
			buildConfigurations = (
				7CD0049727932A1000F2CDD0 /* Debug */,
				7CD0049827932A1000F2CDD0 /* Release */,
			);
			defaultConfigurationIsVisible = 0;
			defaultConfigurationName = Release;
		};
/* End XCConfigurationList section */
	};
	rootObject = 7CD0048027932A0D00F2CDD0 /* Project object */;
}
